github.com/apache/thrift v0.13.0 h1:5hryIiq9gtn+MiLVn0wP37kb/uTeRZgN08WoCsAhIhI=
github.com/apache/thrift v0.13.0/go.mod h1:cp2SuWMxlEZw2r+iP2GNCdIi4C1qmUzdZFSVb+bacwQ=
github.com/apache/thrift/lib/go/thrift v0.0.0-20210120171102-e27e82c46ba4 h1:orNYqmQGnSjgOauLWjHEp9/qIDT98xv/0Aa4Zet3/Y8=
github.com/apache/thrift/lib/go/thrift v0.0.0-20210120171102-e27e82c46ba4/go.mod h1:V/LzksIyqd3KZuQ2SunvReTG/UkArhII1dAWY5U1sCE=
